
Microsoft Visual Studio Solution File, Format Version 12.00
# Visual Studio Version 16
VisualStudioVersion = 16.0.29609.76
MinimumVisualStudioVersion = 10.0.40219.1
Project("{FAE04EC0-301F-11D3-BF4B-00C04F79EFBC}") = "IMscripts", "IMscripts\IMscripts.csproj", "{A3343EF4-1B1C-4F32-AA50-9D20F435E3D0}"
EndProject
Global
	GlobalSection(SolutionConfigurationPlatforms) = preSolution
		Debug|Any CPU = Debug|Any CPU
		Release|Any CPU = Release|Any CPU
	EndGlobalSection
	GlobalSection(ProjectConfigurationPlatforms) = postSolution
		{A3343EF4-1B1C-4F32-AA50-9D20F435E3D0}.Debug|Any CPU.ActiveCfg = Debug|Any CPU
		{A3343EF4-1B1C-4F32-AA50-9D20F435E3D0}.Debug|Any CPU.Build.0 = Debug|Any CPU
		{A3343EF4-1B1C-4F32-AA50-9D20F435E3D0}.Release|Any CPU.ActiveCfg = Release|Any CPU
		{A3343EF4-1B1C-4F32-AA50-9D20F435E3D0}.Release|Any CPU.Build.0 = Release|Any CPU
	EndGlobalSection
	GlobalSection(SolutionProperties) = preSolution
		HideSolutionNode = FALSE
	EndGlobalSection
	GlobalSection(ExtensibilityGlobals) = postSolution
		SolutionGuid = {8E1EB7EA-4763-40AC-9674-5C914E7528DB}
	EndGlobalSection
EndGlobal
